{
  "pins" : [
    {
      "identity" : "identifiedenumcases",
      "kind" : "remoteSourceControl",
      "location" : "https://github.com/FullQueueDeveloper/IdentifiedEnumCases.git",
      "state" : {
        "revision" : "cc8770fcbf6e6fd1abaff58f7600372ee7e1f87a",
        "version" : "0.2.0"
      }
    },
    {
      "identity" : "swift-syntax",
      "kind" : "remoteSourceControl",
      "location" : "https://github.com/apple/swift-syntax.git",
      "state" : {
        "revision" : "165fc6d22394c1168ff76ab5d951245971ef07e5",
        "version" : "509.0.0-swift-DEVELOPMENT-SNAPSHOT-2023-06-05-a"
      }
    }
  ],
  "version" : 2
}
